// !$*UTF8*$!
{
	archiveVersion = 1;
	classes = {
	};
	objectVersion = 56;
	objects = {

/* Begin PBXBuildFile section */
		79276A9A2C9A3FE500E74736 /* WeatherAppApp.swift in Sources */ = {isa = PBXBuildFile; fileRef = 79276A992C9A3FE500E74736 /* WeatherAppApp.swift */; };
		79276A9C2C9A3FE500E74736 /* ContentView.swift in Sources */ = {isa = PBXBuildFile; fileRef = 79276A9B2C9A3FE500E74736 /* ContentView.swift */; };
		79276A9E2C9A3FE600E74736 /* Assets.xcassets in Resources */ = {isa = PBXBuildFile; fileRef = 79276A9D2C9A3FE600E74736 /* Assets.xcassets */; };
		79276AA12C9A3FE600E74736 /* Preview Assets.xcassets in Resources */ = {isa = PBXBuildFile; fileRef = 79276AA02C9A3FE600E74736 /* Preview Assets.xcassets */; };
		79276AAB2C9A3FE700E74736 /* WeatherAppTests.swift in Sources */ = {isa = PBXBuildFile; fileRef = 79276AAA2C9A3FE700E74736 /* WeatherAppTests.swift */; };
		79276AB52C9A3FE700E74736 /* WeatherAppUITests.swift in Sources */ = {isa = PBXBuildFile; fileRef = 79276AB42C9A3FE700E74736 /* WeatherAppUITests.swift */; };
		79276AB72C9A3FE700E74736 /* WeatherAppUITestsLaunchTests.swift in Sources */ = {isa = PBXBuildFile; fileRef = 79276AB62C9A3FE700E74736 /* WeatherAppUITestsLaunchTests.swift */; };
		79276AC42C9A406B00E74736 /* AppCoordinator.swift in Sources */ = {isa = PBXBuildFile; fileRef = 79276AC32C9A406B00E74736 /* AppCoordinator.swift */; };
		79276AC62C9A40BE00E74736 /* Weather.swift in Sources */ = {isa = PBXBuildFile; fileRef = 79276AC52C9A40BE00E74736 /* Weather.swift */; };
		79276AC82C9A40DC00E74736 /* OpenWeatherService.swift in Sources */ = {isa = PBXBuildFile; fileRef = 79276AC72C9A40DC00E74736 /* OpenWeatherService.swift */; };
		79276ACA2C9A40F500E74736 /* WeatherViewModel.swift in Sources */ = {isa = PBXBuildFile; fileRef = 79276AC92C9A40F500E74736 /* WeatherViewModel.swift */; };
		79276ACC2C9A412E00E74736 /* SearchView.swift in Sources */ = {isa = PBXBuildFile; fileRef = 79276ACB2C9A412E00E74736 /* SearchView.swift */; };
		79276ACE2C9A414000E74736 /* WeatherDetailView.swift in Sources */ = {isa = PBXBuildFile; fileRef = 79276ACD2C9A414000E74736 /* WeatherDetailView.swift */; };
		79276AD22C9A418C00E74736 /* ImageCache.swift in Sources */ = {isa = PBXBuildFile; fileRef = 79276AD12C9A418C00E74736 /* ImageCache.swift */; };
		79276AD42C9A41A000E74736 /* LocationManager.swift in Sources */ = {isa = PBXBuildFile; fileRef = 79276AD32C9A41A000E74736 /* LocationManager.swift */; };
		79276AD62C9A41B100E74736 /* LastCityManager.swift in Sources */ = {isa = PBXBuildFile; fileRef = 79276AD52C9A41B100E74736 /* LastCityManager.swift */; };
		79B54A322C9AE12200509570 /* CachedImageView.swift in Sources */ = {isa = PBXBuildFile; fileRef = 79B54A312C9AE12200509570 /* CachedImageView.swift */; };
		79B54A3D2C9AFF7E00509570 /* WeatherViewModelTests.swift in Sources */ = {isa = PBXBuildFile; fileRef = 79B54A3C2C9AFF7E00509570 /* WeatherViewModelTests.swift */; };
/* End PBXBuildFile section */

/* Begin PBXContainerItemProxy section */
		79276AA72C9A3FE700E74736 /* PBXContainerItemProxy */ = {
			isa = PBXContainerItemProxy;
			containerPortal = 79276A8E2C9A3FE500E74736 /* Project object */;
			proxyType = 1;
			remoteGlobalIDString = 79276A952C9A3FE500E74736;
			remoteInfo = WeatherApp;
		};
		79276AB12C9A3FE700E74736 /* PBXContainerItemProxy */ = {
			isa = PBXContainerItemProxy;
			containerPortal = 79276A8E2C9A3FE500E74736 /* Project object */;
			proxyType = 1;
			remoteGlobalIDString = 79276A952C9A3FE500E74736;
			remoteInfo = WeatherApp;
		};
/* End PBXContainerItemProxy section */

/* Begin PBXFileReference section */
		79276A962C9A3FE500E74736 /* WeatherApp.app */ = {isa = PBXFileReference; explicitFileType = wrapper.application; includeInIndex = 0; path = WeatherApp.app; sourceTree = BUILT_PRODUCTS_DIR; };
		79276A992C9A3FE500E74736 /* WeatherAppApp.swift */ = {isa = PBXFileReference; lastKnownFileType = sourcecode.swift; path = WeatherAppApp.swift; sourceTree = "<group>"; };
		79276A9B2C9A3FE500E74736 /* ContentView.swift */ = {isa = PBXFileReference; lastKnownFileType = sourcecode.swift; path = ContentView.swift; sourceTree = "<group>"; };
		79276A9D2C9A3FE600E74736 /* Assets.xcassets */ = {isa = PBXFileReference; lastKnownFileType = folder.assetcatalog; path = Assets.xcassets; sourceTree = "<group>"; };
		79276AA02C9A3FE600E74736 /* Preview Assets.xcassets */ = {isa = PBXFileReference; lastKnownFileType = folder.assetcatalog; path = "Preview Assets.xcassets"; sourceTree = "<group>"; };
		79276AA62C9A3FE700E74736 /* WeatherAppTests.xctest */ = {isa = PBXFileReference; explicitFileType = wrapper.cfbundle; includeInIndex = 0; path = WeatherAppTests.xctest; sourceTree = BUILT_PRODUCTS_DIR; };
		79276AAA2C9A3FE700E74736 /* WeatherAppTests.swift */ = {isa = PBXFileReference; lastKnownFileType = sourcecode.swift; path = WeatherAppTests.swift; sourceTree = "<group>"; };
		79276AB02C9A3FE700E74736 /* WeatherAppUITests.xctest */ = {isa = PBXFileReference; explicitFileType = wrapper.cfbundle; includeInIndex = 0; path = WeatherAppUITests.xctest; sourceTree = BUILT_PRODUCTS_DIR; };
		79276AB42C9A3FE700E74736 /* WeatherAppUITests.swift */ = {isa = PBXFileReference; lastKnownFileType = sourcecode.swift; path = WeatherAppUITests.swift; sourceTree = "<group>"; };
		79276AB62C9A3FE700E74736 /* WeatherAppUITestsLaunchTests.swift */ = {isa = PBXFileReference; lastKnownFileType = sourcecode.swift; path = WeatherAppUITestsLaunchTests.swift; sourceTree = "<group>"; };
		79276AC32C9A406B00E74736 /* AppCoordinator.swift */ = {isa = PBXFileReference; lastKnownFileType = sourcecode.swift; path = AppCoordinator.swift; sourceTree = "<group>"; };
		79276AC52C9A40BE00E74736 /* Weather.swift */ = {isa = PBXFileReference; lastKnownFileType = sourcecode.swift; path = Weather.swift; sourceTree = "<group>"; };
		79276AC72C9A40DC00E74736 /* OpenWeatherService.swift */ = {isa = PBXFileReference; lastKnownFileType = sourcecode.swift; path = OpenWeatherService.swift; sourceTree = "<group>"; };
		79276AC92C9A40F500E74736 /* WeatherViewModel.swift */ = {isa = PBXFileReference; lastKnownFileType = sourcecode.swift; path = WeatherViewModel.swift; sourceTree = "<group>"; };
		79276ACB2C9A412E00E74736 /* SearchView.swift */ = {isa = PBXFileReference; lastKnownFileType = sourcecode.swift; path = SearchView.swift; sourceTree = "<group>"; };
		79276ACD2C9A414000E74736 /* WeatherDetailView.swift */ = {isa = PBXFileReference; lastKnownFileType = sourcecode.swift; path = WeatherDetailView.swift; sourceTree = "<group>"; };
		79276AD12C9A418C00E74736 /* ImageCache.swift */ = {isa = PBXFileReference; lastKnownFileType = sourcecode.swift; path = ImageCache.swift; sourceTree = "<group>"; };
		79276AD32C9A41A000E74736 /* LocationManager.swift */ = {isa = PBXFileReference; lastKnownFileType = sourcecode.swift; path = LocationManager.swift; sourceTree = "<group>"; };
		79276AD52C9A41B100E74736 /* LastCityManager.swift */ = {isa = PBXFileReference; lastKnownFileType = sourcecode.swift; path = LastCityManager.swift; sourceTree = "<group>"; };
		79B54A312C9AE12200509570 /* CachedImageView.swift */ = {isa = PBXFileReference; lastKnownFileType = sourcecode.swift; path = CachedImageView.swift; sourceTree = "<group>"; };
		79B54A3C2C9AFF7E00509570 /* WeatherViewModelTests.swift */ = {isa = PBXFileReference; lastKnownFileType = sourcecode.swift; path = WeatherViewModelTests.swift; sourceTree = "<group>"; };
/* End PBXFileReference section */

/* Begin PBXFrameworksBuildPhase section */
		79276A932C9A3FE500E74736 /* Frameworks */ = {
			isa = PBXFrameworksBuildPhase;
			buildActionMask = 2147483647;
			files = (
			);
			runOnlyForDeploymentPostprocessing = 0;
		};
		79276AA32C9A3FE700E74736 /* Frameworks */ = {
			isa = PBXFrameworksBuildPhase;
			buildActionMask = 2147483647;
			files = (
			);
			runOnlyForDeploymentPostprocessing = 0;
		};
		79276AAD2C9A3FE700E74736 /* Frameworks */ = {
			isa = PBXFrameworksBuildPhase;
			buildActionMask = 2147483647;
			files = (
			);
			runOnlyForDeploymentPostprocessing = 0;
		};
/* End PBXFrameworksBuildPhase section */

/* Begin PBXGroup section */
		79276A8D2C9A3FE500E74736 = {
			isa = PBXGroup;
			children = (
				79276A982C9A3FE500E74736 /* WeatherApp */,
				79276AA92C9A3FE700E74736 /* WeatherAppTests */,
				79276AB32C9A3FE700E74736 /* WeatherAppUITests */,
				79276A972C9A3FE500E74736 /* Products */,
			);
			sourceTree = "<group>";
		};
		79276A972C9A3FE500E74736 /* Products */ = {
			isa = PBXGroup;
			children = (
				79276A962C9A3FE500E74736 /* WeatherApp.app */,
				79276AA62C9A3FE700E74736 /* WeatherAppTests.xctest */,
				79276AB02C9A3FE700E74736 /* WeatherAppUITests.xctest */,
			);
			name = Products;
			sourceTree = "<group>";
		};
		79276A982C9A3FE500E74736 /* WeatherApp */ = {
			isa = PBXGroup;
			children = (
				79276A992C9A3FE500E74736 /* WeatherAppApp.swift */,
				79276A9B2C9A3FE500E74736 /* ContentView.swift */,
				79B54A372C9AE4FF00509570 /* Coordinator */,
				79B54A342C9AE4B400509570 /* Model */,
				79B54A382C9AE53B00509570 /* Service */,
				79B54A362C9AE4F000509570 /* ViewModel */,
				79B54A352C9AE4C600509570 /* View */,
				79B54A392C9AE91700509570 /* Utilities */,
				79276A9D2C9A3FE600E74736 /* Assets.xcassets */,
				79276A9F2C9A3FE600E74736 /* Preview Content */,
			);
			path = WeatherApp;
			sourceTree = "<group>";
		};
		79276A9F2C9A3FE600E74736 /* Preview Content */ = {
			isa = PBXGroup;
			children = (
				79276AA02C9A3FE600E74736 /* Preview Assets.xcassets */,
			);
			path = "Preview Content";
			sourceTree = "<group>";
		};
		79276AA92C9A3FE700E74736 /* WeatherAppTests */ = {
			isa = PBXGroup;
			children = (
				79276AAA2C9A3FE700E74736 /* WeatherAppTests.swift */,
				79B54A3C2C9AFF7E00509570 /* WeatherViewModelTests.swift */,
			);
			path = WeatherAppTests;
			sourceTree = "<group>";
		};
		79276AB32C9A3FE700E74736 /* WeatherAppUITests */ = {
			isa = PBXGroup;
			children = (
				79276AB42C9A3FE700E74736 /* WeatherAppUITests.swift */,
				79276AB62C9A3FE700E74736 /* WeatherAppUITestsLaunchTests.swift */,
			);
			path = WeatherAppUITests;
			sourceTree = "<group>";
		};
		79B54A342C9AE4B400509570 /* Model */ = {
			isa = PBXGroup;
			children = (
				79276AC52C9A40BE00E74736 /* Weather.swift */,
			);
			path = Model;
			sourceTree = "<group>";
		};
		79B54A352C9AE4C600509570 /* View */ = {
			isa = PBXGroup;
			children = (
				79276ACB2C9A412E00E74736 /* SearchView.swift */,
				79276ACD2C9A414000E74736 /* WeatherDetailView.swift */,
				79B54A312C9AE12200509570 /* CachedImageView.swift */,
			);
			path = View;
			sourceTree = "<group>";
		};
		79B54A362C9AE4F000509570 /* ViewModel */ = {
			isa = PBXGroup;
			children = (
				79276AC92C9A40F500E74736 /* WeatherViewModel.swift */,
			);
			path = ViewModel;
			sourceTree = "<group>";
		};
		79B54A372C9AE4FF00509570 /* Coordinator */ = {
			isa = PBXGroup;
			children = (
				79276AC32C9A406B00E74736 /* AppCoordinator.swift */,
			);
			path = Coordinator;
			sourceTree = "<group>";
		};
		79B54A382C9AE53B00509570 /* Service */ = {
			isa = PBXGroup;
			children = (
				79276AC72C9A40DC00E74736 /* OpenWeatherService.swift */,
			);
			path = Service;
			sourceTree = "<group>";
		};
		79B54A392C9AE91700509570 /* Utilities */ = {
			isa = PBXGroup;
			children = (
				79276AD32C9A41A000E74736 /* LocationManager.swift */,
				79276AD52C9A41B100E74736 /* LastCityManager.swift */,
				79276AD12C9A418C00E74736 /* ImageCache.swift */,
			);
			path = Utilities;
			sourceTree = "<group>";
		};
/* End PBXGroup section */

/* Begin PBXNativeTarget section */
		79276A952C9A3FE500E74736 /* WeatherApp */ = {
			isa = PBXNativeTarget;
			buildConfigurationList = 79276ABA2C9A3FE700E74736 /* Build configuration list for PBXNativeTarget "WeatherApp" */;
			buildPhases = (
				79276A922C9A3FE500E74736 /* Sources */,
				79276A932C9A3FE500E74736 /* Frameworks */,
				79276A942C9A3FE500E74736 /* Resources */,
			);
			buildRules = (
			);
			dependencies = (
			);
			name = WeatherApp;
			productName = WeatherApp;
			productReference = 79276A962C9A3FE500E74736 /* WeatherApp.app */;
			productType = "com.apple.product-type.application";
		};
		79276AA52C9A3FE700E74736 /* WeatherAppTests */ = {
			isa = PBXNativeTarget;
			buildConfigurationList = 79276ABD2C9A3FE700E74736 /* Build configuration list for PBXNativeTarget "WeatherAppTests" */;
			buildPhases = (
				79276AA22C9A3FE700E74736 /* Sources */,
				79276AA32C9A3FE700E74736 /* Frameworks */,
				79276AA42C9A3FE700E74736 /* Resources */,
			);
			buildRules = (
			);
			dependencies = (
				79276AA82C9A3FE700E74736 /* PBXTargetDependency */,
			);
			name = WeatherAppTests;
			productName = WeatherAppTests;
			productReference = 79276AA62C9A3FE700E74736 /* WeatherAppTests.xctest */;
			productType = "com.apple.product-type.bundle.unit-test";
		};
		79276AAF2C9A3FE700E74736 /* WeatherAppUITests */ = {
			isa = PBXNativeTarget;
			buildConfigurationList = 79276AC02C9A3FE700E74736 /* Build configuration list for PBXNativeTarget "WeatherAppUITests" */;
			buildPhases = (
				79276AAC2C9A3FE700E74736 /* Sources */,
				79276AAD2C9A3FE700E74736 /* Frameworks */,
				79276AAE2C9A3FE700E74736 /* Resources */,
			);
			buildRules = (
			);
			dependencies = (
				79276AB22C9A3FE700E74736 /* PBXTargetDependency */,
			);
			name = WeatherAppUITests;
			productName = WeatherAppUITests;
			productReference = 79276AB02C9A3FE700E74736 /* WeatherAppUITests.xctest */;
			productType = "com.apple.product-type.bundle.ui-testing";
		};
/* End PBXNativeTarget section */

/* Begin PBXProject section */
		79276A8E2C9A3FE500E74736 /* Project object */ = {
			isa = PBXProject;
			attributes = {
				BuildIndependentTargetsInParallel = 1;
				LastSwiftUpdateCheck = 1540;
				LastUpgradeCheck = 1540;
				TargetAttributes = {
					79276A952C9A3FE500E74736 = {
						CreatedOnToolsVersion = 15.4;
					};
					79276AA52C9A3FE700E74736 = {
						CreatedOnToolsVersion = 15.4;
						TestTargetID = 79276A952C9A3FE500E74736;
					};
					79276AAF2C9A3FE700E74736 = {
						CreatedOnToolsVersion = 15.4;
						TestTargetID = 79276A952C9A3FE500E74736;
					};
				};
			};
			buildConfigurationList = 79276A912C9A3FE500E74736 /* Build configuration list for PBXProject "WeatherApp" */;
			compatibilityVersion = "Xcode 14.0";
			developmentRegion = en;
			hasScannedForEncodings = 0;
			knownRegions = (
				en,
				Base,
			);
			mainGroup = 79276A8D2C9A3FE500E74736;
			productRefGroup = 79276A972C9A3FE500E74736 /* Products */;
			projectDirPath = "";
			projectRoot = "";
			targets = (
				79276A952C9A3FE500E74736 /* WeatherApp */,
				79276AA52C9A3FE700E74736 /* WeatherAppTests */,
				79276AAF2C9A3FE700E74736 /* WeatherAppUITests */,
			);
		};
/* End PBXProject section */

/* Begin PBXResourcesBuildPhase section */
		79276A942C9A3FE500E74736 /* Resources */ = {
			isa = PBXResourcesBuildPhase;
			buildActionMask = 2147483647;
			files = (
				79276AA12C9A3FE600E74736 /* Preview Assets.xcassets in Resources */,
				79276A9E2C9A3FE600E74736 /* Assets.xcassets in Resources */,
			);
			runOnlyForDeploymentPostprocessing = 0;
		};
		79276AA42C9A3FE700E74736 /* Resources */ = {
			isa = PBXResourcesBuildPhase;
			buildActionMask = 2147483647;
			files = (
			);
			runOnlyForDeploymentPostprocessing = 0;
		};
		79276AAE2C9A3FE700E74736 /* Resources */ = {
			isa = PBXResourcesBuildPhase;
			buildActionMask = 2147483647;
			files = (
			);
			runOnlyForDeploymentPostprocessing = 0;
		};
/* End PBXResourcesBuildPhase section */

/* Begin PBXSourcesBuildPhase section */
		79276A922C9A3FE500E74736 /* Sources */ = {
			isa = PBXSourcesBuildPhase;
			buildActionMask = 2147483647;
			files = (
				79276ACE2C9A414000E74736 /* WeatherDetailView.swift in Sources */,
				79276AC62C9A40BE00E74736 /* Weather.swift in Sources */,
				79276AD42C9A41A000E74736 /* LocationManager.swift in Sources */,
				79276ACA2C9A40F500E74736 /* WeatherViewModel.swift in Sources */,
				79276AD22C9A418C00E74736 /* ImageCache.swift in Sources */,
				79276AC42C9A406B00E74736 /* AppCoordinator.swift in Sources */,
				79276ACC2C9A412E00E74736 /* SearchView.swift in Sources */,
				79276AC82C9A40DC00E74736 /* OpenWeatherService.swift in Sources */,
				79276AD62C9A41B100E74736 /* LastCityManager.swift in Sources */,
				79276A9C2C9A3FE500E74736 /* ContentView.swift in Sources */,
				79B54A322C9AE12200509570 /* CachedImageView.swift in Sources */,
				79276A9A2C9A3FE500E74736 /* WeatherAppApp.swift in Sources */,
			);
			runOnlyForDeploymentPostprocessing = 0;
		};
		79276AA22C9A3FE700E74736 /* Sources */ = {
			isa = PBXSourcesBuildPhase;
			buildActionMask = 2147483647;
			files = (
				79276AAB2C9A3FE700E74736 /* WeatherAppTests.swift in Sources */,
				79B54A3D2C9AFF7E00509570 /* WeatherViewModelTests.swift in Sources */,
			);
			runOnlyForDeploymentPostprocessing = 0;
		};
		79276AAC2C9A3FE700E74736 /* Sources */ = {
			isa = PBXSourcesBuildPhase;
			buildActionMask = 2147483647;
			files = (
				79276AB52C9A3FE700E74736 /* WeatherAppUITests.swift in Sources */,
				79276AB72C9A3FE700E74736 /* WeatherAppUITestsLaunchTests.swift in Sources */,
			);
			runOnlyForDeploymentPostprocessing = 0;
		};
/* End PBXSourcesBuildPhase section */

/* Begin PBXTargetDependency section */
		79276AA82C9A3FE700E74736 /* PBXTargetDependency */ = {
			isa = PBXTargetDependency;
			target = 79276A952C9A3FE500E74736 /* WeatherApp */;
			targetProxy = 79276AA72C9A3FE700E74736 /* PBXContainerItemProxy */;
		};
		79276AB22C9A3FE700E74736 /* PBXTargetDependency */ = {
			isa = PBXTargetDependency;
			target = 79276A952C9A3FE500E74736 /* WeatherApp */;
			targetProxy = 79276AB12C9A3FE700E74736 /* PBXContainerItemProxy */;
		};
/* End PBXTargetDependency section */

/* Begin XCBuildConfiguration section */
		79276AB82C9A3FE700E74736 /* Debug */ = {
			isa = XCBuildConfiguration;
			buildSettings = {
				ALWAYS_SEARCH_USER_PATHS = NO;
				ASSETCATALOG_COMPILER_GENERATE_SWIFT_ASSET_SYMBOL_EXTENSIONS = YES;
				CLANG_ANALYZER_NONNULL = YES;
				CLANG_ANALYZER_NUMBER_OBJECT_CONVERSION = YES_AGGRESSIVE;
				CLANG_CXX_LANGUAGE_STANDARD = "gnu++20";
				CLANG_ENABLE_MODULES = YES;
				CLANG_ENABLE_OBJC_ARC = YES;
				CLANG_ENABLE_OBJC_WEAK = YES;
				CLANG_WARN_BLOCK_CAPTURE_AUTORELEASING = YES;
				CLANG_WARN_BOOL_CONVERSION = YES;
				CLANG_WARN_COMMA = YES;
				CLANG_WARN_CONSTANT_CONVERSION = YES;
				CLANG_WARN_DEPRECATED_OBJC_IMPLEMENTATIONS = YES;
				CLANG_WARN_DIRECT_OBJC_ISA_USAGE = YES_ERROR;
				CLANG_WARN_DOCUMENTATION_COMMENTS = YES;
				CLANG_WARN_EMPTY_BODY = YES;
				CLANG_WARN_ENUM_CONVERSION = YES;
				CLANG_WARN_INFINITE_RECURSION = YES;
				CLANG_WARN_INT_CONVERSION = YES;
				CLANG_WARN_NON_LITERAL_NULL_CONVERSION = YES;
				CLANG_WARN_OBJC_IMPLICIT_RETAIN_SELF = YES;
				CLANG_WARN_OBJC_LITERAL_CONVERSION = YES;
				CLANG_WARN_OBJC_ROOT_CLASS = YES_ERROR;
				CLANG_WARN_QUOTED_INCLUDE_IN_FRAMEWORK_HEADER = YES;
				CLANG_WARN_RANGE_LOOP_ANALYSIS = YES;
				CLANG_WARN_STRICT_PROTOTYPES = YES;
				CLANG_WARN_SUSPICIOUS_MOVE = YES;
				CLANG_WARN_UNGUARDED_AVAILABILITY = YES_AGGRESSIVE;
				CLANG_WARN_UNREACHABLE_CODE = YES;
				CLANG_WARN__DUPLICATE_METHOD_MATCH = YES;
				COPY_PHASE_STRIP = NO;
				DEBUG_INFORMATION_FORMAT = dwarf;
				ENABLE_STRICT_OBJC_MSGSEND = YES;
				ENABLE_TESTABILITY = YES;
				ENABLE_USER_SCRIPT_SANDBOXING = YES;
				GCC_C_LANGUAGE_STANDARD = gnu17;
				GCC_DYNAMIC_NO_PIC = NO;
				GCC_NO_COMMON_BLOCKS = YES;
				GCC_OPTIMIZATION_LEVEL = 0;
				GCC_PREPROCESSOR_DEFINITIONS = (
					"DEBUG=1",
					"$(inherited)",
				);
				GCC_WARN_64_TO_32_BIT_CONVERSION = YES;
				GCC_WARN_ABOUT_RETURN_TYPE = YES_ERROR;
				GCC_WARN_UNDECLARED_SELECTOR = YES;
				GCC_WARN_UNINITIALIZED_AUTOS = YES_AGGRESSIVE;
				GCC_WARN_UNUSED_FUNCTION = YES;
				GCC_WARN_UNUSED_VARIABLE = YES;
				IPHONEOS_DEPLOYMENT_TARGET = 17.5;
				LOCALIZATION_PREFERS_STRING_CATALOGS = YES;
				MTL_ENABLE_DEBUG_INFO = INCLUDE_SOURCE;
				MTL_FAST_MATH = YES;
				ONLY_ACTIVE_ARCH = YES;
				SDKROOT = iphoneos;
				SWIFT_ACTIVE_COMPILATION_CONDITIONS = "DEBUG $(inherited)";
				SWIFT_OPTIMIZATION_LEVEL = "-Onone";
			};
			name = Debug;
		};
		79276AB92C9A3FE700E74736 /* Release */ = {
			isa = XCBuildConfiguration;
			buildSettings = {
				ALWAYS_SEARCH_USER_PATHS = NO;
				ASSETCATALOG_COMPILER_GENERATE_SWIFT_ASSET_SYMBOL_EXTENSIONS = YES;
				CLANG_ANALYZER_NONNULL = YES;
				CLANG_ANALYZER_NUMBER_OBJECT_CONVERSION = YES_AGGRESSIVE;
				CLANG_CXX_LANGUAGE_STANDARD = "gnu++20";
				CLANG_ENABLE_MODULES = YES;
				CLANG_ENABLE_OBJC_ARC = YES;
				CLANG_ENABLE_OBJC_WEAK = YES;
				CLANG_WARN_BLOCK_CAPTURE_AUTORELEASING = YES;
				CLANG_WARN_BOOL_CONVERSION = YES;
				CLANG_WARN_COMMA = YES;
				CLANG_WARN_CONSTANT_CONVERSION = YES;
				CLANG_WARN_DEPRECATED_OBJC_IMPLEMENTATIONS = YES;
				CLANG_WARN_DIRECT_OBJC_ISA_USAGE = YES_ERROR;
				CLANG_WARN_DOCUMENTATION_COMMENTS = YES;
				CLANG_WARN_EMPTY_BODY = YES;
				CLANG_WARN_ENUM_CONVERSION = YES;
				CLANG_WARN_INFINITE_RECURSION = YES;
				CLANG_WARN_INT_CONVERSION = YES;
				CLANG_WARN_NON_LITERAL_NULL_CONVERSION = YES;
				CLANG_WARN_OBJC_IMPLICIT_RETAIN_SELF = YES;
				CLANG_WARN_OBJC_LITERAL_CONVERSION = YES;
				CLANG_WARN_OBJC_ROOT_CLASS = YES_ERROR;
				CLANG_WARN_QUOTED_INCLUDE_IN_FRAMEWORK_HEADER = YES;
				CLANG_WARN_RANGE_LOOP_ANALYSIS = YES;
				CLANG_WARN_STRICT_PROTOTYPES = YES;
				CLANG_WARN_SUSPICIOUS_MOVE = YES;
				CLANG_WARN_UNGUARDED_AVAILABILITY = YES_AGGRESSIVE;
				CLANG_WARN_UNREACHABLE_CODE = YES;
				CLANG_WARN__DUPLICATE_METHOD_MATCH = YES;
				COPY_PHASE_STRIP = NO;
				DEBUG_INFORMATION_FORMAT = "dwarf-with-dsym";
				ENABLE_NS_ASSERTIONS = NO;
				ENABLE_STRICT_OBJC_MSGSEND = YES;
				ENABLE_USER_SCRIPT_SANDBOXING = YES;
				GCC_C_LANGUAGE_STANDARD = gnu17;
				GCC_NO_COMMON_BLOCKS = YES;
				GCC_WARN_64_TO_32_BIT_CONVERSION = YES;
				GCC_WARN_ABOUT_RETURN_TYPE = YES_ERROR;
				GCC_WARN_UNDECLARED_SELECTOR = YES;
				GCC_WARN_UNINITIALIZED_AUTOS = YES_AGGRESSIVE;
				GCC_WARN_UNUSED_FUNCTION = YES;
				GCC_WARN_UNUSED_VARIABLE = YES;
				IPHONEOS_DEPLOYMENT_TARGET = 17.5;
				LOCALIZATION_PREFERS_STRING_CATALOGS = YES;
				MTL_ENABLE_DEBUG_INFO = NO;
				MTL_FAST_MATH = YES;
				SDKROOT = iphoneos;
				SWIFT_COMPILATION_MODE = wholemodule;
				VALIDATE_PRODUCT = YES;
			};
			name = Release;
		};
		79276ABB2C9A3FE700E74736 /* Debug */ = {
			isa = XCBuildConfiguration;
			buildSettings = {
				ASSETCATALOG_COMPILER_APPICON_NAME = AppIcon;
				ASSETCATALOG_COMPILER_GLOBAL_ACCENT_COLOR_NAME = AccentColor;
				CODE_SIGN_STYLE = Automatic;
				CURRENT_PROJECT_VERSION = 1;
				DEVELOPMENT_ASSET_PATHS = "\"WeatherApp/Preview Content\"";
				ENABLE_PREVIEWS = YES;
				GENERATE_INFOPLIST_FILE = YES;
				INFOPLIST_KEY_NSLocationWhenInUseUsageDescription = "We need your current location to give you weather details of where you are.";
				INFOPLIST_KEY_UIApplicationSceneManifest_Generation = YES;
				INFOPLIST_KEY_UIApplicationSupportsIndirectInputEvents = YES;
				INFOPLIST_KEY_UILaunchScreen_Generation = YES;
				INFOPLIST_KEY_UISupportedInterfaceOrientations_iPad = "UIInterfaceOrientationPortrait UIInterfaceOrientationPortraitUpsideDown UIInterfaceOrientationLandscapeLeft UIInterfaceOrientationLandscapeRight";
				INFOPLIST_KEY_UISupportedInterfaceOrientations_iPhone = "UIInterfaceOrientationPortrait UIInterfaceOrientationLandscapeLeft UIInterfaceOrientationLandscapeRight";
				LD_RUNPATH_SEARCH_PATHS = (
					"$(inherited)",
					"@executable_path/Frameworks",
				);
				MARKETING_VERSION = 1.0;
				PRODUCT_BUNDLE_IDENTIFIER = com.rahulavale.WeatherApp;
				PRODUCT_NAME = "$(TARGET_NAME)";
				SWIFT_EMIT_LOC_STRINGS = YES;
				SWIFT_VERSION = 5.0;
				TARGETED_DEVICE_FAMILY = "1,2";
			};
			name = Debug;
		};
		79276ABC2C9A3FE700E74736 /* Release */ = {
			isa = XCBuildConfiguration;
			buildSettings = {
				ASSETCATALOG_COMPILER_APPICON_NAME = AppIcon;
				ASSETCATALOG_COMPILER_GLOBAL_ACCENT_COLOR_NAME = AccentColor;
				CODE_SIGN_STYLE = Automatic;
				CURRENT_PROJECT_VERSION = 1;
				DEVELOPMENT_ASSET_PATHS = "\"WeatherApp/Preview Content\"";
				ENABLE_PREVIEWS = YES;
				GENERATE_INFOPLIST_FILE = YES;
				INFOPLIST_KEY_NSLocationWhenInUseUsageDescription = "We need your current location to give you weather details of where you are.";
				INFOPLIST_KEY_UIApplicationSceneManifest_Generation = YES;
				INFOPLIST_KEY_UIApplicationSupportsIndirectInputEvents = YES;
				INFOPLIST_KEY_UILaunchScreen_Generation = YES;
				INFOPLIST_KEY_UISupportedInterfaceOrientations_iPad = "UIInterfaceOrientationPortrait UIInterfaceOrientationPortraitUpsideDown UIInterfaceOrientationLandscapeLeft UIInterfaceOrientationLandscapeRight";
				INFOPLIST_KEY_UISupportedInterfaceOrientations_iPhone = "UIInterfaceOrientationPortrait UIInterfaceOrientationLandscapeLeft UIInterfaceOrientationLandscapeRight";
				LD_RUNPATH_SEARCH_PATHS = (
					"$(inherited)",
					"@executable_path/Frameworks",
				);
				MARKETING_VERSION = 1.0;
				PRODUCT_BUNDLE_IDENTIFIER = com.rahulavale.WeatherApp;
				PRODUCT_NAME = "$(TARGET_NAME)";
				SWIFT_EMIT_LOC_STRINGS = YES;
				SWIFT_VERSION = 5.0;
				TARGETED_DEVICE_FAMILY = "1,2";
			};
			name = Release;
		};
		79276ABE2C9A3FE700E74736 /* Debug */ = {
			isa = XCBuildConfiguration;
			buildSettings = {
				ALWAYS_EMBED_SWIFT_STANDARD_LIBRARIES = YES;
				BUNDLE_LOADER = "$(TEST_HOST)";
				CODE_SIGN_STYLE = Automatic;
				CURRENT_PROJECT_VERSION = 1;
				GENERATE_INFOPLIST_FILE = YES;
				IPHONEOS_DEPLOYMENT_TARGET = 17.5;
				MARKETING_VERSION = 1.0;
				PRODUCT_BUNDLE_IDENTIFIER = com.rahulavale.WeatherAppTests;
				PRODUCT_NAME = "$(TARGET_NAME)";
				SWIFT_EMIT_LOC_STRINGS = NO;
				SWIFT_VERSION = 5.0;
				TARGETED_DEVICE_FAMILY = "1,2";
				TEST_HOST = "$(BUILT_PRODUCTS_DIR)/WeatherApp.app/$(BUNDLE_EXECUTABLE_FOLDER_PATH)/WeatherApp";
			};
			name = Debug;
		};
		79276ABF2C9A3FE700E74736 /* Release */ = {
			isa = XCBuildConfiguration;
			buildSettings = {
				ALWAYS_EMBED_SWIFT_STANDARD_LIBRARIES = YES;
				BUNDLE_LOADER = "$(TEST_HOST)";
				CODE_SIGN_STYLE = Automatic;
				CURRENT_PROJECT_VERSION = 1;
				GENERATE_INFOPLIST_FILE = YES;
				IPHONEOS_DEPLOYMENT_TARGET = 17.5;
				MARKETING_VERSION = 1.0;
				PRODUCT_BUNDLE_IDENTIFIER = com.rahulavale.WeatherAppTests;
				PRODUCT_NAME = "$(TARGET_NAME)";
				SWIFT_EMIT_LOC_STRINGS = NO;
				SWIFT_VERSION = 5.0;
				TARGETED_DEVICE_FAMILY = "1,2";
				TEST_HOST = "$(BUILT_PRODUCTS_DIR)/WeatherApp.app/$(BUNDLE_EXECUTABLE_FOLDER_PATH)/WeatherApp";
			};
			name = Release;
		};
		79276AC12C9A3FE700E74736 /* Debug */ = {
			isa = XCBuildConfiguration;
			buildSettings = {
				ALWAYS_EMBED_SWIFT_STANDARD_LIBRARIES = YES;
				CODE_SIGN_STYLE = Automatic;
				CURRENT_PROJECT_VERSION = 1;
				GENERATE_INFOPLIST_FILE = YES;
				MARKETING_VERSION = 1.0;
				PRODUCT_BUNDLE_IDENTIFIER = com.rahulavale.WeatherAppUITests;
				PRODUCT_NAME = "$(TARGET_NAME)";
				SWIFT_EMIT_LOC_STRINGS = NO;
				SWIFT_VERSION = 5.0;
				TARGETED_DEVICE_FAMILY = "1,2";
				TEST_TARGET_NAME = WeatherApp;
			};
			name = Debug;
		};
		79276AC22C9A3FE700E74736 /* Release */ = {
			isa = XCBuildConfiguration;
			buildSettings = {
				ALWAYS_EMBED_SWIFT_STANDARD_LIBRARIES = YES;
				CODE_SIGN_STYLE = Automatic;
				CURRENT_PROJECT_VERSION = 1;
				GENERATE_INFOPLIST_FILE = YES;
				MARKETING_VERSION = 1.0;
				PRODUCT_BUNDLE_IDENTIFIER = com.rahulavale.WeatherAppUITests;
				PRODUCT_NAME = "$(TARGET_NAME)";
				SWIFT_EMIT_LOC_STRINGS = NO;
				SWIFT_VERSION = 5.0;
				TARGETED_DEVICE_FAMILY = "1,2";
				TEST_TARGET_NAME = WeatherApp;
			};
			name = Release;
		};
/* End XCBuildConfiguration section */

/* Begin XCConfigurationList section */
		79276A912C9A3FE500E74736 /* Build configuration list for PBXProject "WeatherApp" */ = {
			isa = XCConfigurationList;
			buildConfigurations = (
				79276AB82C9A3FE700E74736 /* Debug */,
				79276AB92C9A3FE700E74736 /* Release */,
			);
			defaultConfigurationIsVisible = 0;
			defaultConfigurationName = Release;
		};
		79276ABA2C9A3FE700E74736 /* Build configuration list for PBXNativeTarget "WeatherApp" */ = {
			isa = XCConfigurationList;
			buildConfigurations = (
				79276ABB2C9A3FE700E74736 /* Debug */,
				79276ABC2C9A3FE700E74736 /* Release */,
			);
			defaultConfigurationIsVisible = 0;
			defaultConfigurationName = Release;
		};
		79276ABD2C9A3FE700E74736 /* Build configuration list for PBXNativeTarget "WeatherAppTests" */ = {
			isa = XCConfigurationList;
			buildConfigurations = (
				79276ABE2C9A3FE700E74736 /* Debug */,
				79276ABF2C9A3FE700E74736 /* Release */,
			);
			defaultConfigurationIsVisible = 0;
			defaultConfigurationName = Release;
		};
		79276AC02C9A3FE700E74736 /* Build configuration list for PBXNativeTarget "WeatherAppUITests" */ = {
			isa = XCConfigurationList;
			buildConfigurations = (
				79276AC12C9A3FE700E74736 /* Debug */,
				79276AC22C9A3FE700E74736 /* Release */,
			);
			defaultConfigurationIsVisible = 0;
			defaultConfigurationName = Release;
		};
/* End XCConfigurationList section */
	};
	rootObject = 79276A8E2C9A3FE500E74736 /* Project object */;
}
